{
    "_meta": {
        "hash": {
            "sha256": "48a3cb1e48cb90c68f7dd03fd8ac624e9f11e729af6b78728fd9167f00abb634"
        },
        "pipfile-spec": 6,
        "requires": {
            "python_version": "3.7"
        },
        "sources": [
            {
                "name": "pypi",
                "url": "https://pypi.org/simple",
                "verify_ssl": true
            }
        ]
    },
    "default": {
        "kafka-python": {
            "hashes": [
                "sha256:513431184ecd08e706ca53421ff23e269fc052374084b45b49640419564dd704",
                "sha256:e59ad42dec8c7d54e3fbba0c1f8b54c44d92a3392d88242962d0c29803f2f6f8"
            ],
            "index": "pypi",
            "version": "==2.0.1"
        },
        "mysql-connector-python": {
            "hashes": [
                "sha256:0f4cf26d89a7d99ec215e01e47bac40935dc80c573005395dbc18890856f87a5",
                "sha256:0f847818de953ebf53028fedfcb5622e11d226f01b1c5a93010063f78ab95b34",
                "sha256:1b6f1dbe964990604782e55c5570a8a968ba1da7371ad75ed4ddd8be0129c0cf",
                "sha256:1ed1f29e8db935c30b33b9d137660f70a71d8757a99e16e3f51a40867f6c5ec0",
                "sha256:2c126e929aa6b725d921a5c02e8b6ce999a8f3113494ca9fc94b3f1cbbdf3095",
                "sha256:37e1da0f78f1df38a33ccfe8431edd59cfdcbf249f56820028898cf5acbba0a5",
                "sha256:3b6b271de5664a2ac155954f38c09b6362f321f00734ff1f421e7ab721c7f98b",
                "sha256:4de6f599ec48e7807cc73812f43f2be22a2d7859310c6d99cf51ed436d41b4e5",
                "sha256:541394d10909aa379d396953bc4a3071aed754157d42de4ffd8ada91f15a4f1b",
                "sha256:584098ce99bc81ca71fcc5664228a1aea901e26b473f39c6b4d9945abb641421",
                "sha256:7bdb4e94462e91d10c7bf809c122db1459917d80202fe5cb88c6c04481b1a303",
                "sha256:7d7fb72758e5e11db4b946b342330c136034d1cf6759be9b182e17d619897de2",
                "sha256:829ff16c18900ca25af0007de027c796161ed8711ae22cc50a785e8e1e2f756a",
                "sha256:86b7fac171a4433a9c263ab74d59ca4cf0c2941765f2f9a0cd1925295f04838f",
                "sha256:88ecd6318e71d0a250efa016e80cfdcb987e7ce21793569b1751c20d3d022bb0",
                "sha256:9ba98169e360a4e8739803d7ebce5de693dc4cd5634a62eafb3b2bc3c7f0d7c4",
                "sha256:a22183b55a3e5725a350b76f9ef6898573c808cb63a465b4bd78f860dfb6ed8d",
                "sha256:bd1f1a57e9c89d6bf49b408c6fe151aad8c318237f2983dfc5b9a8202c6d20de",
                "sha256:c20dd01dee6212deb56d3df985fe9927a571000327251177d69f05a40c11ac19",
                "sha256:cbe901254597db9937b8dee4fe56c148fcfb792389f753fa35fff3696d04e5fa",
                "sha256:eec4c549d96d9678fe9df663226fc175562dcd7187af892bfe4711c9a0d99228",
                "sha256:f23c8ddc1550def024ea708d2aa7c999f301cd45ff17ca7bf9a762b48f0d4513",
                "sha256:ffe0bdd9b22a987028ca4e70df770edef987d54899ac5029c364d9c3c04e9e9d"
            ],
            "index": "pypi",
            "version": "==8.0.20"
        },
        "numpy": {
            "hashes": [
                "sha256:1dbe1c91269f880e364526649a52eff93ac30035507ae980d2fed33aaee633ac",
                "sha256:357768c2e4451ac241465157a3e929b265dfac85d9214074985b1786244f2ef3",
                "sha256:3820724272f9913b597ccd13a467cc492a0da6b05df26ea09e78b171a0bb9da6",
                "sha256:4391bd07606be175aafd267ef9bea87cf1b8210c787666ce82073b05f202add1",
                "sha256:4aa48afdce4660b0076a00d80afa54e8a97cd49f457d68a4342d188a09451c1a",
                "sha256:58459d3bad03343ac4b1b42ed14d571b8743dc80ccbf27444f266729df1d6f5b",
                "sha256:5c3c8def4230e1b959671eb959083661b4a0d2e9af93ee339c7dada6759a9470",
                "sha256:5f30427731561ce75d7048ac254dbe47a2ba576229250fb60f0fb74db96501a1",
                "sha256:643843bcc1c50526b3a71cd2ee561cf0d8773f062c8cbaf9ffac9fdf573f83ab",
                "sha256:67c261d6c0a9981820c3a149d255a76918278a6b03b6a036800359aba1256d46",
                "sha256:67f21981ba2f9d7ba9ade60c9e8cbaa8cf8e9ae51673934480e45cf55e953673",
                "sha256:6aaf96c7f8cebc220cdfc03f1d5a31952f027dda050e5a703a0d1c396075e3e7",
                "sha256:7c4068a8c44014b2d55f3c3f574c376b2494ca9cc73d2f1bd692382b6dffe3db",
                "sha256:7c7e5fa88d9ff656e067876e4736379cc962d185d5cd808014a8a928d529ef4e",
                "sha256:7f5ae4f304257569ef3b948810816bc87c9146e8c446053539947eedeaa32786",
                "sha256:82691fda7c3f77c90e62da69ae60b5ac08e87e775b09813559f8901a88266552",
                "sha256:8737609c3bbdd48e380d463134a35ffad3b22dc56295eff6f79fd85bd0eeeb25",
                "sha256:9f411b2c3f3d76bba0865b35a425157c5dcf54937f82bbeb3d3c180789dd66a6",
                "sha256:a6be4cb0ef3b8c9250c19cc122267263093eee7edd4e3fa75395dfda8c17a8e2",
                "sha256:bcb238c9c96c00d3085b264e5c1a1207672577b93fa666c3b14a45240b14123a",
                "sha256:bf2ec4b75d0e9356edea834d1de42b31fe11f726a81dfb2c2112bc1eaa508fcf",
                "sha256:d136337ae3cc69aa5e447e78d8e1514be8c3ec9b54264e680cf0b4bd9011574f",
                "sha256:d4bf4d43077db55589ffc9009c0ba0a94fa4908b9586d6ccce2e0b164c86303c",
                "sha256:d6a96eef20f639e6a97d23e57dd0c1b1069a7b4fd7027482a4c5c451cd7732f4",
                "sha256:d9caa9d5e682102453d96a0ee10c7241b72859b01a941a397fd965f23b3e016b",
                "sha256:dd1c8f6bd65d07d3810b90d02eba7997e32abbdf1277a481d698969e921a3be0",
                "sha256:e31f0bb5928b793169b87e3d1e070f2342b22d5245c755e2b81caa29756246c3",
                "sha256:ecb55251139706669fdec2ff073c98ef8e9a84473e51e716211b41aa0f18e656",
                "sha256:ee5ec40fdd06d62fe5d4084bef4fd50fd4bb6bfd2bf519365f569dc470163ab0",
                "sha256:f17e562de9edf691a42ddb1eb4a5541c20dd3f9e65b09ded2beb0799c0cf29bb",
                "sha256:fdffbfb6832cd0b300995a2b08b8f6fa9f6e856d562800fea9182316d99c4e8e"
            ],
            "markers": "python_version < '3.11' and python_version >= '3.7'",
            "version": "==1.21.6"
        },
        "pandas": {
            "hashes": [
                "sha256:02f1e8f71cd994ed7fcb9a35b6ddddeb4314822a0e09a9c5b2d278f8cb5d4096",
                "sha256:13f75fb18486759da3ff40f5345d9dd20e7d78f2a39c5884d013456cec9876f0",
                "sha256:35b670b0abcfed7cad76f2834041dcf7ae47fd9b22b63622d67cdc933d79f453",
                "sha256:4c73f373b0800eb3062ffd13d4a7a2a6d522792fa6eb204d67a4fad0a40f03dc",
                "sha256:5759edf0b686b6f25a5d4a447ea588983a33afc8a0081a0954184a4a87fd0dd7",
                "sha256:5a7cf6044467c1356b2b49ef69e50bf4d231e773c3ca0558807cdba56b76820b",
                "sha256:69c5d920a0b2a9838e677f78f4dde506b95ea8e4d30da25859db6469ded84fa8",
                "sha256:8778a5cc5a8437a561e3276b85367412e10ae9fff07db1eed986e427d9a674f8",
                "sha256:9871ef5ee17f388f1cb35f76dc6106d40cb8165c562d573470672f4cdefa59ef",
                "sha256:9c31d52f1a7dd2bb4681d9f62646c7aa554f19e8e9addc17e8b1b20011d7522d",
                "sha256:ab8173a8efe5418bbe50e43f321994ac6673afc5c7c4839014cf6401bbdd0705",
                "sha256:ae961f1f0e270f1e4e2273f6a539b2ea33248e0e3a11ffb479d757918a5e03a9",
                "sha256:b3c4f93fcb6e97d993bf87cdd917883b7dab7d20c627699f360a8fb49e9e0b91",
                "sha256:c9410ce8a3dee77653bc0684cfa1535a7f9c291663bd7ad79e39f5ab58f67ab3",
                "sha256:f69e0f7b7c09f1f612b1f8f59e2df72faa8a6b41c5a436dde5b615aaf948f107",
                "sha256:faa42a78d1350b02a7d2f0dbe3c80791cf785663d6997891549d0f86dc49125e"
            ],
            "index": "pypi",
            "version": "==1.0.5"
        },
        "protobuf": {
            "hashes": [
                "sha256:2c9c2ed7466ad565f18668aa4731c535511c5d9a40c6da39524bccf43e441719",
                "sha256:48e2cd6b88c6ed3d5877a3ea40df79d08374088e89bedc32557348848dff250b",
                "sha256:5b0834e61fb38f34ba8840d7dcb2e5a2f03de0c714e0293b3963b79db26de8ce",
                "sha256:61f21493d96d2a77f9ca84fefa105872550ab5ef71d21c458eb80edcf4885a99",
                "sha256:6e0be9f09bf9b6cf497b27425487706fa48c6d1632ddd94dab1a5fe11a422392",
                "sha256:6e312e280fbe3c74ea9e080d9e6080b636798b5e3939242298b591064470b06b",
                "sha256:7eb8f2cc41a34e9c956c256e3ac766cf4e1a4c9c925dc757a41a01be3e852965",
                "sha256:84ea107016244dfc1eecae7684f7ce13c788b9a644cd3fca5b77871366556444",
                "sha256:9227c14010acd9ae7702d6467b4625b6fe853175a6b150e539b21d2b2f2b409c",
                "sha256:a419cc95fca8694804709b8c4f2326266d29659b126a93befe210f5bbc772536",
                "sha256:a7d0ea43949d45b836234f4ebb5ba0b22e7432d065394b532cdca8f98415e3cf",
                "sha256:b5ab0b8918c136345ff045d4b3d5f719b505b7c8af45092d7f45e304f55e50a1",
                "sha256:e575c57dc8b5b2b2caa436c16d44ef6981f2235eb7179bfc847557886376d740",
                "sha256:f9eae277dd240ae19bb06ff4e2346e771252b0e619421965504bd1b1bba7c5fa"
            ],
            "markers": "python_version >= '3.7'",
            "version": "==4.21.9"
        },
        "py4j": {
            "hashes": [
                "sha256:276a4a3c5a2154df1860ef3303a927460e02e97b047dc0a47c1c3fb8cce34db6",
                "sha256:52d171a6a2b031d8a5d1de6efe451cf4f5baff1a2819aabc3741c8406539ba04"
            ],
            "version": "==0.10.9.5"
        },
        "pyspark": {
            "hashes": [
                "sha256:5455214cf0b83d4a184cda25ca3b0812481915353b180cf7d7ac227728a4d99e"
            ],
            "index": "pypi",
            "version": "==3.2.2"
        },
        "python-dateutil": {
            "hashes": [
                "sha256:0123cacc1627ae19ddf3c27a5de5bd67ee4586fbdd6440d9748f8abb483d3e86",
                "sha256:961d03dc3453ebbc59dbdea9e4e11c5651520a876d0f4db161e8674aae935da9"
            ],
            "markers": "python_version >= '2.7' and python_version not in '3.0, 3.1, 3.2, 3.3'",
            "version": "==2.8.2"
        },
        "pytz": {
            "hashes": [
                "sha256:222439474e9c98fced559f1709d89e6c9cbf8d79c794ff3eb9f8800064291427",
                "sha256:e89512406b793ca39f5971bc999cc538ce125c0e51c27941bef4568b460095e2"
            ],
            "version": "==2022.6"
        },
        "six": {
            "hashes": [
                "sha256:1e61c37477a1626458e36f7b1d82aa5c9b094fa4802892072e49de9c60c4c926",
                "sha256:8abb2f1d86890a2dfb989f9a77cfcfd3e47c2a354b01111771326f8aa26e0254"
            ],
            "markers": "python_version >= '2.7' and python_version not in '3.0, 3.1, 3.2, 3.3'",
            "version": "==1.16.0"
        }
    },
    "develop": {}
}
